
Microsoft Visual Studio Solution File, Format Version 12.00
# Visual Studio Version 17
VisualStudioVersion = 17.0.31903.59
MinimumVisualStudioVersion = 10.0.40219.1
Project("{2150E333-8FDC-42A3-9474-1A3956D46DE8}") = "src", "src", "{827E0CD3-B72D-47B6-A68D-7590B98EB39B}"
EndProject
Project("{FAE04EC0-301F-11D3-BF4B-00C04F79EFBC}") = "SpanCoder.App", "src\SpanCoder.App\SpanCoder.App.csproj", "{AE3C10B7-8537-47B0-AF7D-E49B9311E10B}"
EndProject
Project("{FAE04EC0-301F-11D3-BF4B-00C04F79EFBC}") = "SpanCoder.Shell", "src\SpanCoder.Shell\SpanCoder.Shell.csproj", "{E733C945-4793-4D93-A672-7CDD38AA486B}"
EndProject
Project("{FAE04EC0-301F-11D3-BF4B-00C04F79EFBC}") = "SpanCoder.Contracts", "src\SpanCoder.Contracts\SpanCoder.Contracts.csproj", "{70F96065-96E4-4467-92F5-A4E7D16CCAA3}"
EndProject
Project("{FAE04EC0-301F-11D3-BF4B-00C04F79EFBC}") = "Glacier.Grep", "..\Glacier.Grep\src\Glacier.Grep\Glacier.Grep.csproj", "{B045AF74-9C10-42A2-993E-09E1E43C404C}"
EndProject
Project("{2150E333-8FDC-42A3-9474-1A3956D46DE8}") = "tools", "tools", "{07C2787E-EAC7-C090-1BA3-A61EC2A24D84}"
EndProject
Project("{FAE04EC0-301F-11D3-BF4B-00C04F79EFBC}") = "SpanCoder.SourceGenerators", "tools\SpanCoder.SourceGenerators\SpanCoder.SourceGenerators.csproj", "{2F404523-8016-4979-BE81-122F4A9F05EA}"
EndProject
Project("{FAE04EC0-301F-11D3-BF4B-00C04F79EFBC}") = "SpanCoder.Engine", "src\SpanCoder.Engine\SpanCoder.Engine.csproj", "{A9730DEF-3296-4F4A-96F4-36703E8F7989}"
EndProject
Project("{FAE04EC0-301F-11D3-BF4B-00C04F79EFBC}") = "SpanCoder.Tests", "src\SpanCoder.Tests\SpanCoder.Tests.csproj", "{A739BFE9-F1BD-4A1E-A102-A7839C2D2FF4}"
EndProject
Project("{FAE04EC0-301F-11D3-BF4B-00C04F79EFBC}") = "SpanCoder.Extensions.Languages", "src\SpanCoder.Extensions.Languages\SpanCoder.Extensions.Languages.csproj", "{E59AFB99-196D-42B5-B86E-437251568BFD}"
EndProject
Project("{FAE04EC0-301F-11D3-BF4B-00C04F79EFBC}") = "SpanCoder.Extensions.Prettier", "src\SpanCoder.Extensions.Prettier\SpanCoder.Extensions.Prettier.csproj", "{57BFDE1D-2188-4EC8-A36A-CAEA72DA8767}"
EndProject
Global
	GlobalSection(SolutionConfigurationPlatforms) = preSolution
		Debug|Any CPU = Debug|Any CPU
		Debug|x64 = Debug|x64
		Debug|x86 = Debug|x86
		Release|Any CPU = Release|Any CPU
		Release|x64 = Release|x64
		Release|x86 = Release|x86
	EndGlobalSection
	GlobalSection(ProjectConfigurationPlatforms) = postSolution
		{AE3C10B7-8537-47B0-AF7D-E49B9311E10B}.Debug|Any CPU.ActiveCfg = Debug|Any CPU
		{AE3C10B7-8537-47B0-AF7D-E49B9311E10B}.Debug|Any CPU.Build.0 = Debug|Any CPU
		{AE3C10B7-8537-47B0-AF7D-E49B9311E10B}.Debug|x64.ActiveCfg = Debug|Any CPU
		{AE3C10B7-8537-47B0-AF7D-E49B9311E10B}.Debug|x64.Build.0 = Debug|Any CPU
		{AE3C10B7-8537-47B0-AF7D-E49B9311E10B}.Debug|x86.ActiveCfg = Debug|Any CPU
		{AE3C10B7-8537-47B0-AF7D-E49B9311E10B}.Debug|x86.Build.0 = Debug|Any CPU
		{AE3C10B7-8537-47B0-AF7D-E49B9311E10B}.Release|Any CPU.ActiveCfg = Release|Any CPU
		{AE3C10B7-8537-47B0-AF7D-E49B9311E10B}.Release|Any CPU.Build.0 = Release|Any CPU
		{AE3C10B7-8537-47B0-AF7D-E49B9311E10B}.Release|x64.ActiveCfg = Release|Any CPU
		{AE3C10B7-8537-47B0-AF7D-E49B9311E10B}.Release|x64.Build.0 = Release|Any CPU
		{AE3C10B7-8537-47B0-AF7D-E49B9311E10B}.Release|x86.ActiveCfg = Release|Any CPU
		{AE3C10B7-8537-47B0-AF7D-E49B9311E10B}.Release|x86.Build.0 = Release|Any CPU
		{E733C945-4793-4D93-A672-7CDD38AA486B}.Debug|Any CPU.ActiveCfg = Debug|Any CPU
		{E733C945-4793-4D93-A672-7CDD38AA486B}.Debug|Any CPU.Build.0 = Debug|Any CPU
		{E733C945-4793-4D93-A672-7CDD38AA486B}.Debug|x64.ActiveCfg = Debug|Any CPU
		{E733C945-4793-4D93-A672-7CDD38AA486B}.Debug|x64.Build.0 = Debug|Any CPU
		{E733C945-4793-4D93-A672-7CDD38AA486B}.Debug|x86.ActiveCfg = Debug|Any CPU
		{E733C945-4793-4D93-A672-7CDD38AA486B}.Debug|x86.Build.0 = Debug|Any CPU
		{E733C945-4793-4D93-A672-7CDD38AA486B}.Release|Any CPU.ActiveCfg = Release|Any CPU
		{E733C945-4793-4D93-A672-7CDD38AA486B}.Release|Any CPU.Build.0 = Release|Any CPU
		{E733C945-4793-4D93-A672-7CDD38AA486B}.Release|x64.ActiveCfg = Release|Any CPU
		{E733C945-4793-4D93-A672-7CDD38AA486B}.Release|x64.Build.0 = Release|Any CPU
		{E733C945-4793-4D93-A672-7CDD38AA486B}.Release|x86.ActiveCfg = Release|Any CPU
		{E733C945-4793-4D93-A672-7CDD38AA486B}.Release|x86.Build.0 = Release|Any CPU
		{70F96065-96E4-4467-92F5-A4E7D16CCAA3}.Debug|Any CPU.ActiveCfg = Debug|Any CPU
		{70F96065-96E4-4467-92F5-A4E7D16CCAA3}.Debug|Any CPU.Build.0 = Debug|Any CPU
		{70F96065-96E4-4467-92F5-A4E7D16CCAA3}.Debug|x64.ActiveCfg = Debug|Any CPU
		{70F96065-96E4-4467-92F5-A4E7D16CCAA3}.Debug|x64.Build.0 = Debug|Any CPU
		{70F96065-96E4-4467-92F5-A4E7D16CCAA3}.Debug|x86.ActiveCfg = Debug|Any CPU
		{70F96065-96E4-4467-92F5-A4E7D16CCAA3}.Debug|x86.Build.0 = Debug|Any CPU
		{70F96065-96E4-4467-92F5-A4E7D16CCAA3}.Release|Any CPU.ActiveCfg = Release|Any CPU
		{70F96065-96E4-4467-92F5-A4E7D16CCAA3}.Release|Any CPU.Build.0 = Release|Any CPU
		{70F96065-96E4-4467-92F5-A4E7D16CCAA3}.Release|x64.ActiveCfg = Release|Any CPU
		{70F96065-96E4-4467-92F5-A4E7D16CCAA3}.Release|x64.Build.0 = Release|Any CPU
		{70F96065-96E4-4467-92F5-A4E7D16CCAA3}.Release|x86.ActiveCfg = Release|Any CPU
		{70F96065-96E4-4467-92F5-A4E7D16CCAA3}.Release|x86.Build.0 = Release|Any CPU
		{B045AF74-9C10-42A2-993E-09E1E43C404C}.Debug|Any CPU.ActiveCfg = Debug|Any CPU
		{B045AF74-9C10-42A2-993E-09E1E43C404C}.Debug|Any CPU.Build.0 = Debug|Any CPU
		{B045AF74-9C10-42A2-993E-09E1E43C404C}.Debug|x64.ActiveCfg = Debug|Any CPU
		{B045AF74-9C10-42A2-993E-09E1E43C404C}.Debug|x64.Build.0 = Debug|Any CPU
		{B045AF74-9C10-42A2-993E-09E1E43C404C}.Debug|x86.ActiveCfg = Debug|Any CPU
		{B045AF74-9C10-42A2-993E-09E1E43C404C}.Debug|x86.Build.0 = Debug|Any CPU
		{B045AF74-9C10-42A2-993E-09E1E43C404C}.Release|Any CPU.ActiveCfg = Release|Any CPU
		{B045AF74-9C10-42A2-993E-09E1E43C404C}.Release|Any CPU.Build.0 = Release|Any CPU
		{B045AF74-9C10-42A2-993E-09E1E43C404C}.Release|x64.ActiveCfg = Release|Any CPU
		{B045AF74-9C10-42A2-993E-09E1E43C404C}.Release|x64.Build.0 = Release|Any CPU
		{B045AF74-9C10-42A2-993E-09E1E43C404C}.Release|x86.ActiveCfg = Release|Any CPU
		{B045AF74-9C10-42A2-993E-09E1E43C404C}.Release|x86.Build.0 = Release|Any CPU
		{2F404523-8016-4979-BE81-122F4A9F05EA}.Debug|Any CPU.ActiveCfg = Debug|Any CPU
		{2F404523-8016-4979-BE81-122F4A9F05EA}.Debug|Any CPU.Build.0 = Debug|Any CPU
		{2F404523-8016-4979-BE81-122F4A9F05EA}.Debug|x64.ActiveCfg = Debug|Any CPU
		{2F404523-8016-4979-BE81-122F4A9F05EA}.Debug|x64.Build.0 = Debug|Any CPU
		{2F404523-8016-4979-BE81-122F4A9F05EA}.Debug|x86.ActiveCfg = Debug|Any CPU
		{2F404523-8016-4979-BE81-122F4A9F05EA}.Debug|x86.Build.0 = Debug|Any CPU
		{2F404523-8016-4979-BE81-122F4A9F05EA}.Release|Any CPU.ActiveCfg = Release|Any CPU
		{2F404523-8016-4979-BE81-122F4A9F05EA}.Release|Any CPU.Build.0 = Release|Any CPU
		{2F404523-8016-4979-BE81-122F4A9F05EA}.Release|x64.ActiveCfg = Release|Any CPU
		{2F404523-8016-4979-BE81-122F4A9F05EA}.Release|x64.Build.0 = Release|Any CPU
		{2F404523-8016-4979-BE81-122F4A9F05EA}.Release|x86.ActiveCfg = Release|Any CPU
		{2F404523-8016-4979-BE81-122F4A9F05EA}.Release|x86.Build.0 = Release|Any CPU
		{A9730DEF-3296-4F4A-96F4-36703E8F7989}.Debug|Any CPU.ActiveCfg = Debug|Any CPU
		{A9730DEF-3296-4F4A-96F4-36703E8F7989}.Debug|Any CPU.Build.0 = Debug|Any CPU
		{A9730DEF-3296-4F4A-96F4-36703E8F7989}.Debug|x64.ActiveCfg = Debug|Any CPU
		{A9730DEF-3296-4F4A-96F4-36703E8F7989}.Debug|x64.Build.0 = Debug|Any CPU
		{A9730DEF-3296-4F4A-96F4-36703E8F7989}.Debug|x86.ActiveCfg = Debug|Any CPU
		{A9730DEF-3296-4F4A-96F4-36703E8F7989}.Debug|x86.Build.0 = Debug|Any CPU
		{A9730DEF-3296-4F4A-96F4-36703E8F7989}.Release|Any CPU.ActiveCfg = Release|Any CPU
		{A9730DEF-3296-4F4A-96F4-36703E8F7989}.Release|Any CPU.Build.0 = Release|Any CPU
		{A9730DEF-3296-4F4A-96F4-36703E8F7989}.Release|x64.ActiveCfg = Release|Any CPU
		{A9730DEF-3296-4F4A-96F4-36703E8F7989}.Release|x64.Build.0 = Release|Any CPU
		{A9730DEF-3296-4F4A-96F4-36703E8F7989}.Release|x86.ActiveCfg = Release|Any CPU
		{A9730DEF-3296-4F4A-96F4-36703E8F7989}.Release|x86.Build.0 = Release|Any CPU
		{A739BFE9-F1BD-4A1E-A102-A7839C2D2FF4}.Debug|Any CPU.ActiveCfg = Debug|Any CPU
		{A739BFE9-F1BD-4A1E-A102-A7839C2D2FF4}.Debug|Any CPU.Build.0 = Debug|Any CPU
		{A739BFE9-F1BD-4A1E-A102-A7839C2D2FF4}.Debug|x64.ActiveCfg = Debug|Any CPU
		{A739BFE9-F1BD-4A1E-A102-A7839C2D2FF4}.Debug|x64.Build.0 = Debug|Any CPU
		{A739BFE9-F1BD-4A1E-A102-A7839C2D2FF4}.Debug|x86.ActiveCfg = Debug|Any CPU
		{A739BFE9-F1BD-4A1E-A102-A7839C2D2FF4}.Debug|x86.Build.0 = Debug|Any CPU
		{A739BFE9-F1BD-4A1E-A102-A7839C2D2FF4}.Release|Any CPU.ActiveCfg = Release|Any CPU
		{A739BFE9-F1BD-4A1E-A102-A7839C2D2FF4}.Release|Any CPU.Build.0 = Release|Any CPU
		{A739BFE9-F1BD-4A1E-A102-A7839C2D2FF4}.Release|x64.ActiveCfg = Release|Any CPU
		{A739BFE9-F1BD-4A1E-A102-A7839C2D2FF4}.Release|x64.Build.0 = Release|Any CPU
		{A739BFE9-F1BD-4A1E-A102-A7839C2D2FF4}.Release|x86.ActiveCfg = Release|Any CPU
		{A739BFE9-F1BD-4A1E-A102-A7839C2D2FF4}.Release|x86.Build.0 = Release|Any CPU
		{E59AFB99-196D-42B5-B86E-437251568BFD}.Debug|Any CPU.ActiveCfg = Debug|Any CPU
		{E59AFB99-196D-42B5-B86E-437251568BFD}.Debug|Any CPU.Build.0 = Debug|Any CPU
		{E59AFB99-196D-42B5-B86E-437251568BFD}.Debug|x64.ActiveCfg = Debug|Any CPU
		{E59AFB99-196D-42B5-B86E-437251568BFD}.Debug|x64.Build.0 = Debug|Any CPU
		{E59AFB99-196D-42B5-B86E-437251568BFD}.Debug|x86.ActiveCfg = Debug|Any CPU
		{E59AFB99-196D-42B5-B86E-437251568BFD}.Debug|x86.Build.0 = Debug|Any CPU
		{E59AFB99-196D-42B5-B86E-437251568BFD}.Release|Any CPU.ActiveCfg = Release|Any CPU
		{E59AFB99-196D-42B5-B86E-437251568BFD}.Release|Any CPU.Build.0 = Release|Any CPU
		{E59AFB99-196D-42B5-B86E-437251568BFD}.Release|x64.ActiveCfg = Release|Any CPU
		{E59AFB99-196D-42B5-B86E-437251568BFD}.Release|x64.Build.0 = Release|Any CPU
		{E59AFB99-196D-42B5-B86E-437251568BFD}.Release|x86.ActiveCfg = Release|Any CPU
		{E59AFB99-196D-42B5-B86E-437251568BFD}.Release|x86.Build.0 = Release|Any CPU
		{57BFDE1D-2188-4EC8-A36A-CAEA72DA8767}.Debug|Any CPU.ActiveCfg = Debug|Any CPU
		{57BFDE1D-2188-4EC8-A36A-CAEA72DA8767}.Debug|Any CPU.Build.0 = Debug|Any CPU
		{57BFDE1D-2188-4EC8-A36A-CAEA72DA8767}.Debug|x64.ActiveCfg = Debug|Any CPU
		{57BFDE1D-2188-4EC8-A36A-CAEA72DA8767}.Debug|x64.Build.0 = Debug|Any CPU
		{57BFDE1D-2188-4EC8-A36A-CAEA72DA8767}.Debug|x86.ActiveCfg = Debug|Any CPU
		{57BFDE1D-2188-4EC8-A36A-CAEA72DA8767}.Debug|x86.Build.0 = Debug|Any CPU
		{57BFDE1D-2188-4EC8-A36A-CAEA72DA8767}.Release|Any CPU.ActiveCfg = Release|Any CPU
		{57BFDE1D-2188-4EC8-A36A-CAEA72DA8767}.Release|Any CPU.Build.0 = Release|Any CPU
		{57BFDE1D-2188-4EC8-A36A-CAEA72DA8767}.Release|x64.ActiveCfg = Release|Any CPU
		{57BFDE1D-2188-4EC8-A36A-CAEA72DA8767}.Release|x64.Build.0 = Release|Any CPU
		{57BFDE1D-2188-4EC8-A36A-CAEA72DA8767}.Release|x86.ActiveCfg = Release|Any CPU
		{57BFDE1D-2188-4EC8-A36A-CAEA72DA8767}.Release|x86.Build.0 = Release|Any CPU
	EndGlobalSection
	GlobalSection(SolutionProperties) = preSolution
		HideSolutionNode = FALSE
	EndGlobalSection
	GlobalSection(NestedProjects) = preSolution
		{AE3C10B7-8537-47B0-AF7D-E49B9311E10B} = {827E0CD3-B72D-47B6-A68D-7590B98EB39B}
		{E733C945-4793-4D93-A672-7CDD38AA486B} = {827E0CD3-B72D-47B6-A68D-7590B98EB39B}
		{70F96065-96E4-4467-92F5-A4E7D16CCAA3} = {827E0CD3-B72D-47B6-A68D-7590B98EB39B}
		{2F404523-8016-4979-BE81-122F4A9F05EA} = {07C2787E-EAC7-C090-1BA3-A61EC2A24D84}
		{A9730DEF-3296-4F4A-96F4-36703E8F7989} = {827E0CD3-B72D-47B6-A68D-7590B98EB39B}
		{A739BFE9-F1BD-4A1E-A102-A7839C2D2FF4} = {827E0CD3-B72D-47B6-A68D-7590B98EB39B}
		{E59AFB99-196D-42B5-B86E-437251568BFD} = {827E0CD3-B72D-47B6-A68D-7590B98EB39B}
		{57BFDE1D-2188-4EC8-A36A-CAEA72DA8767} = {827E0CD3-B72D-47B6-A68D-7590B98EB39B}
	EndGlobalSection
EndGlobal
